
Microsoft Visual Studio Solution File, Format Version 12.00
# Visual Studio Version 17
VisualStudioVersion = 17.14.36401.2
MinimumVisualStudioVersion = 10.0.40219.1
Project("{8BC9CEB8-8B4A-11D0-8D11-00A0C91BC942}") = "X_Lib_Maths", "X_Librarys\X_Lib_Maths\X_Lib_Maths.vcxproj", "{94A993C8-4310-41C3-90DB-56C8E3E38E4C}"
EndProject
Project("{8BC9CEB8-8B4A-11D0-8D11-00A0C91BC942}") = "X_Lib_Zip", "X_Librarys\X_Lib_Zip\X_Lib_Zip.vcxproj", "{7F7E8FBD-6F36-4E06-ABDE-E37EDCA58F0D}"
EndProject
Project("{8BC9CEB8-8B4A-11D0-8D11-00A0C91BC942}") = "X_Lib_Preferences", "X_Librarys\X_Lib_Preferences\X_Lib_Preferences.vcxproj", "{21AC25F6-8533-4796-BD33-766FEB74E602}"
EndProject
Project("{8BC9CEB8-8B4A-11D0-8D11-00A0C91BC942}") = "Templates_Lib", "X_Librarys\X_Lib_Templates\X_Lib_Templates.vcxproj", "{DA784F3C-F0F7-499A-902C-A8B0DC20F07E}"
EndProject
Project("{8BC9CEB8-8B4A-11D0-8D11-00A0C91BC942}") = "X_Lib_Ini_File", "X_Librarys\X_Lib_Ini_File\X_Lib_Ini_File.vcxproj", "{95BB4FEC-B047-4A0E-B34B-1C5D74132D4B}"
EndProject
Project("{8BC9CEB8-8B4A-11D0-8D11-00A0C91BC942}") = "X_Lib_Gen", "X_Librarys\X_Lib_Gen\X_Lib_Gen.vcxproj", "{5D0335FC-CD6C-4833-905C-B4A594172CA0}"
EndProject
Project("{8BC9CEB8-8B4A-11D0-8D11-00A0C91BC942}") = "X_Lib_Face_Editor", "X_Librarys\X_Lib_Face_Editor\X_Lib_Face_Editor.vcxproj", "{B873FF1B-FB41-4206-AEF8-AAE643AD21A6}"
EndProject
Global
	GlobalSection(SolutionConfigurationPlatforms) = preSolution
		Release|x64 = Release|x64
	EndGlobalSection
	GlobalSection(ProjectConfigurationPlatforms) = postSolution
		{94A993C8-4310-41C3-90DB-56C8E3E38E4C}.Release|x64.ActiveCfg = Release|x64
		{94A993C8-4310-41C3-90DB-56C8E3E38E4C}.Release|x64.Build.0 = Release|x64
		{7F7E8FBD-6F36-4E06-ABDE-E37EDCA58F0D}.Release|x64.ActiveCfg = Release|x64
		{7F7E8FBD-6F36-4E06-ABDE-E37EDCA58F0D}.Release|x64.Build.0 = Release|x64
		{21AC25F6-8533-4796-BD33-766FEB74E602}.Release|x64.ActiveCfg = Release|x64
		{21AC25F6-8533-4796-BD33-766FEB74E602}.Release|x64.Build.0 = Release|x64
		{DA784F3C-F0F7-499A-902C-A8B0DC20F07E}.Release|x64.ActiveCfg = Release|x64
		{DA784F3C-F0F7-499A-902C-A8B0DC20F07E}.Release|x64.Build.0 = Release|x64
		{95BB4FEC-B047-4A0E-B34B-1C5D74132D4B}.Release|x64.ActiveCfg = Release|x64
		{95BB4FEC-B047-4A0E-B34B-1C5D74132D4B}.Release|x64.Build.0 = Release|x64
		{5D0335FC-CD6C-4833-905C-B4A594172CA0}.Release|x64.ActiveCfg = Release|x64
		{5D0335FC-CD6C-4833-905C-B4A594172CA0}.Release|x64.Build.0 = Release|x64
		{B873FF1B-FB41-4206-AEF8-AAE643AD21A6}.Release|x64.ActiveCfg = Release|x64
		{B873FF1B-FB41-4206-AEF8-AAE643AD21A6}.Release|x64.Build.0 = Release|x64
	EndGlobalSection
	GlobalSection(SolutionProperties) = preSolution
		HideSolutionNode = FALSE
	EndGlobalSection
	GlobalSection(ExtensibilityGlobals) = postSolution
		SolutionGuid = {756DE9D8-D932-40A2-950A-6CE09E832B5B}
	EndGlobalSection
EndGlobal
